// !$*UTF8*$!
{
	archiveVersion = 1;
	classes = {
	};
	objectVersion = 50;
	objects = {

/* Begin PBXBuildFile section */
		0847F685B128FB0062D028ED /* Pods_LiveStreamFails.framework in Frameworks */ = {isa = PBXBuildFile; fileRef = 7AAA74DFF1BBD09D0C983034 /* Pods_LiveStreamFails.framework */; };
		A232541422461DD5001E8C89 /* AppDelegate.swift in Sources */ = {isa = PBXBuildFile; fileRef = A232541322461DD5001E8C89 /* AppDelegate.swift */; };
		A232541B22461DD6001E8C89 /* Assets.xcassets in Resources */ = {isa = PBXBuildFile; fileRef = A232541A22461DD6001E8C89 /* Assets.xcassets */; };
		A232543422468E3B001E8C89 /* HomeScreenViewController.swift in Sources */ = {isa = PBXBuildFile; fileRef = A232543222468E3B001E8C89 /* HomeScreenViewController.swift */; };
		A232543522468E3B001E8C89 /* HomeScreenViewController.xib in Resources */ = {isa = PBXBuildFile; fileRef = A232543322468E3B001E8C89 /* HomeScreenViewController.xib */; };
		A232543C2246AB5B001E8C89 /* Route.swift in Sources */ = {isa = PBXBuildFile; fileRef = A232543B2246AB5A001E8C89 /* Route.swift */; };
		A232543F2246AC0A001E8C89 /* LiveStreamFailsRequest.swift in Sources */ = {isa = PBXBuildFile; fileRef = A232543E2246AC0A001E8C89 /* LiveStreamFailsRequest.swift */; };
		A23254412246AD32001E8C89 /* DictionaryEncodable.swift in Sources */ = {isa = PBXBuildFile; fileRef = A23254402246AD32001E8C89 /* DictionaryEncodable.swift */; };
		A23254432246B500001E8C89 /* ServiceType.swift in Sources */ = {isa = PBXBuildFile; fileRef = A23254422246B500001E8C89 /* ServiceType.swift */; };
		A23254462246B57A001E8C89 /* LiveStreamFailsPostsResponse.swift in Sources */ = {isa = PBXBuildFile; fileRef = A23254452246B57A001E8C89 /* LiveStreamFailsPostsResponse.swift */; };
		A23254482246B5FB001E8C89 /* Service.swift in Sources */ = {isa = PBXBuildFile; fileRef = A23254472246B5FB001E8C89 /* Service.swift */; };
		A232544A2246B9AB001E8C89 /* Service+RequestHelper.swift in Sources */ = {isa = PBXBuildFile; fileRef = A23254492246B9AB001E8C89 /* Service+RequestHelper.swift */; };
		A232544C22479058001E8C89 /* Operators.swift in Sources */ = {isa = PBXBuildFile; fileRef = A232544B22479058001E8C89 /* Operators.swift */; };
		A232544E22485E75001E8C89 /* HTMLParser.swift in Sources */ = {isa = PBXBuildFile; fileRef = A232544D22485E75001E8C89 /* HTMLParser.swift */; };
		A232545022486ACC001E8C89 /* Result+MapValue.swift in Sources */ = {isa = PBXBuildFile; fileRef = A232544F22486ACC001E8C89 /* Result+MapValue.swift */; };
		A2325458224A4C60001E8C89 /* LiveStreamFailsPostsUsecase.swift in Sources */ = {isa = PBXBuildFile; fileRef = A2325457224A4C60001E8C89 /* LiveStreamFailsPostsUsecase.swift */; };
		A232545A224A9435001E8C89 /* AppEnvironment.swift in Sources */ = {isa = PBXBuildFile; fileRef = A2325459224A9435001E8C89 /* AppEnvironment.swift */; };
		A232545C224A9462001E8C89 /* Environment.swift in Sources */ = {isa = PBXBuildFile; fileRef = A232545B224A9462001E8C89 /* Environment.swift */; };
		A232545E224A95BE001E8C89 /* ServerConfig.swift in Sources */ = {isa = PBXBuildFile; fileRef = A232545D224A95BE001E8C89 /* ServerConfig.swift */; };
		A2325460224A9EB0001E8C89 /* Paginator.swift in Sources */ = {isa = PBXBuildFile; fileRef = A232545F224A9EB0001E8C89 /* Paginator.swift */; };
		A2325465224B0B2C001E8C89 /* LiveStreamFailsCollection.swift in Sources */ = {isa = PBXBuildFile; fileRef = A2325464224B0B2C001E8C89 /* LiveStreamFailsCollection.swift */; };
		A2734F0E224C8609004ACDB8 /* FailStreamDetailViewCell.swift in Sources */ = {isa = PBXBuildFile; fileRef = A2734F0C224C8609004ACDB8 /* FailStreamDetailViewCell.swift */; };
		A2734F0F224C8609004ACDB8 /* FailStreamDetailViewCell.xib in Resources */ = {isa = PBXBuildFile; fileRef = A2734F0D224C8609004ACDB8 /* FailStreamDetailViewCell.xib */; };
		A2734F12224C9044004ACDB8 /* HomeScreenViewController+CollectionViewDatasource.swift in Sources */ = {isa = PBXBuildFile; fileRef = A2734F11224C9044004ACDB8 /* HomeScreenViewController+CollectionViewDatasource.swift */; };
		A2734F14224C9134004ACDB8 /* HomeScreenViewController+UICollectionViewDelegate.swift in Sources */ = {isa = PBXBuildFile; fileRef = A2734F13224C9134004ACDB8 /* HomeScreenViewController+UICollectionViewDelegate.swift */; };
		A2734F16224CAEC4004ACDB8 /* UICollectionView+RegisterCells.swift in Sources */ = {isa = PBXBuildFile; fileRef = A2734F15224CAEC4004ACDB8 /* UICollectionView+RegisterCells.swift */; };
		A2734F18224D058B004ACDB8 /* LiveStreamFailsPost+DeepDiff.swift in Sources */ = {isa = PBXBuildFile; fileRef = A2734F17224D058B004ACDB8 /* LiveStreamFailsPost+DeepDiff.swift */; };
		A2D729D1224E95C500757CD4 /* Loader.swift in Sources */ = {isa = PBXBuildFile; fileRef = A2D729D0224E95C500757CD4 /* Loader.swift */; };
		A2D729D3224E95E200757CD4 /* PulseAnimation.swift in Sources */ = {isa = PBXBuildFile; fileRef = A2D729D2224E95E200757CD4 /* PulseAnimation.swift */; };
/* End PBXBuildFile section */

/* Begin PBXFileReference section */
		3718790CB6A3A4BCE0947797 /* Pods-LiveStreamFails.release.xcconfig */ = {isa = PBXFileReference; includeInIndex = 1; lastKnownFileType = text.xcconfig; name = "Pods-LiveStreamFails.release.xcconfig"; path = "Pods/Target Support Files/Pods-LiveStreamFails/Pods-LiveStreamFails.release.xcconfig"; sourceTree = "<group>"; };
		7AAA74DFF1BBD09D0C983034 /* Pods_LiveStreamFails.framework */ = {isa = PBXFileReference; explicitFileType = wrapper.framework; includeInIndex = 0; path = Pods_LiveStreamFails.framework; sourceTree = BUILT_PRODUCTS_DIR; };
		9AD3230F70654C9EA2D31F4E /* Pods-LiveStreamFails.debug.xcconfig */ = {isa = PBXFileReference; includeInIndex = 1; lastKnownFileType = text.xcconfig; name = "Pods-LiveStreamFails.debug.xcconfig"; path = "Pods/Target Support Files/Pods-LiveStreamFails/Pods-LiveStreamFails.debug.xcconfig"; sourceTree = "<group>"; };
		A232541022461DD5001E8C89 /* LiveStreamFails.app */ = {isa = PBXFileReference; explicitFileType = wrapper.application; includeInIndex = 0; path = LiveStreamFails.app; sourceTree = BUILT_PRODUCTS_DIR; };
		A232541322461DD5001E8C89 /* AppDelegate.swift */ = {isa = PBXFileReference; lastKnownFileType = sourcecode.swift; path = AppDelegate.swift; sourceTree = "<group>"; };
		A232541A22461DD6001E8C89 /* Assets.xcassets */ = {isa = PBXFileReference; lastKnownFileType = folder.assetcatalog; path = Assets.xcassets; sourceTree = "<group>"; };
		A232541F22461DD6001E8C89 /* Info.plist */ = {isa = PBXFileReference; lastKnownFileType = text.plist.xml; path = Info.plist; sourceTree = "<group>"; };
		A232543222468E3B001E8C89 /* HomeScreenViewController.swift */ = {isa = PBXFileReference; lastKnownFileType = sourcecode.swift; path = HomeScreenViewController.swift; sourceTree = "<group>"; };
		A232543322468E3B001E8C89 /* HomeScreenViewController.xib */ = {isa = PBXFileReference; lastKnownFileType = file.xib; path = HomeScreenViewController.xib; sourceTree = "<group>"; };
		A232543B2246AB5A001E8C89 /* Route.swift */ = {isa = PBXFileReference; lastKnownFileType = sourcecode.swift; path = Route.swift; sourceTree = "<group>"; };
		A232543E2246AC0A001E8C89 /* LiveStreamFailsRequest.swift */ = {isa = PBXFileReference; lastKnownFileType = sourcecode.swift; path = LiveStreamFailsRequest.swift; sourceTree = "<group>"; };
		A23254402246AD32001E8C89 /* DictionaryEncodable.swift */ = {isa = PBXFileReference; lastKnownFileType = sourcecode.swift; path = DictionaryEncodable.swift; sourceTree = "<group>"; };
		A23254422246B500001E8C89 /* ServiceType.swift */ = {isa = PBXFileReference; lastKnownFileType = sourcecode.swift; path = ServiceType.swift; sourceTree = "<group>"; };
		A23254452246B57A001E8C89 /* LiveStreamFailsPostsResponse.swift */ = {isa = PBXFileReference; lastKnownFileType = sourcecode.swift; path = LiveStreamFailsPostsResponse.swift; sourceTree = "<group>"; };
		A23254472246B5FB001E8C89 /* Service.swift */ = {isa = PBXFileReference; lastKnownFileType = sourcecode.swift; path = Service.swift; sourceTree = "<group>"; };
		A23254492246B9AB001E8C89 /* Service+RequestHelper.swift */ = {isa = PBXFileReference; lastKnownFileType = sourcecode.swift; path = "Service+RequestHelper.swift"; sourceTree = "<group>"; };
		A232544B22479058001E8C89 /* Operators.swift */ = {isa = PBXFileReference; lastKnownFileType = sourcecode.swift; path = Operators.swift; sourceTree = "<group>"; };
		A232544D22485E75001E8C89 /* HTMLParser.swift */ = {isa = PBXFileReference; lastKnownFileType = sourcecode.swift; path = HTMLParser.swift; sourceTree = "<group>"; };
		A232544F22486ACC001E8C89 /* Result+MapValue.swift */ = {isa = PBXFileReference; lastKnownFileType = sourcecode.swift; path = "Result+MapValue.swift"; sourceTree = "<group>"; };
		A2325457224A4C60001E8C89 /* LiveStreamFailsPostsUsecase.swift */ = {isa = PBXFileReference; lastKnownFileType = sourcecode.swift; path = LiveStreamFailsPostsUsecase.swift; sourceTree = "<group>"; };
		A2325459224A9435001E8C89 /* AppEnvironment.swift */ = {isa = PBXFileReference; lastKnownFileType = sourcecode.swift; path = AppEnvironment.swift; sourceTree = "<group>"; };
		A232545B224A9462001E8C89 /* Environment.swift */ = {isa = PBXFileReference; lastKnownFileType = sourcecode.swift; path = Environment.swift; sourceTree = "<group>"; };
		A232545D224A95BE001E8C89 /* ServerConfig.swift */ = {isa = PBXFileReference; lastKnownFileType = sourcecode.swift; path = ServerConfig.swift; sourceTree = "<group>"; };
		A232545F224A9EB0001E8C89 /* Paginator.swift */ = {isa = PBXFileReference; lastKnownFileType = sourcecode.swift; path = Paginator.swift; sourceTree = "<group>"; };
		A2325464224B0B2C001E8C89 /* LiveStreamFailsCollection.swift */ = {isa = PBXFileReference; lastKnownFileType = sourcecode.swift; path = LiveStreamFailsCollection.swift; sourceTree = "<group>"; };
		A2734F0C224C8609004ACDB8 /* FailStreamDetailViewCell.swift */ = {isa = PBXFileReference; lastKnownFileType = sourcecode.swift; path = FailStreamDetailViewCell.swift; sourceTree = "<group>"; };
		A2734F0D224C8609004ACDB8 /* FailStreamDetailViewCell.xib */ = {isa = PBXFileReference; lastKnownFileType = file.xib; path = FailStreamDetailViewCell.xib; sourceTree = "<group>"; };
		A2734F11224C9044004ACDB8 /* HomeScreenViewController+CollectionViewDatasource.swift */ = {isa = PBXFileReference; lastKnownFileType = sourcecode.swift; path = "HomeScreenViewController+CollectionViewDatasource.swift"; sourceTree = "<group>"; };
		A2734F13224C9134004ACDB8 /* HomeScreenViewController+UICollectionViewDelegate.swift */ = {isa = PBXFileReference; lastKnownFileType = sourcecode.swift; path = "HomeScreenViewController+UICollectionViewDelegate.swift"; sourceTree = "<group>"; };
		A2734F15224CAEC4004ACDB8 /* UICollectionView+RegisterCells.swift */ = {isa = PBXFileReference; lastKnownFileType = sourcecode.swift; path = "UICollectionView+RegisterCells.swift"; sourceTree = "<group>"; };
		A2734F17224D058B004ACDB8 /* LiveStreamFailsPost+DeepDiff.swift */ = {isa = PBXFileReference; lastKnownFileType = sourcecode.swift; path = "LiveStreamFailsPost+DeepDiff.swift"; sourceTree = "<group>"; };
		A2D729D0224E95C500757CD4 /* Loader.swift */ = {isa = PBXFileReference; lastKnownFileType = sourcecode.swift; path = Loader.swift; sourceTree = "<group>"; };
		A2D729D2224E95E200757CD4 /* PulseAnimation.swift */ = {isa = PBXFileReference; lastKnownFileType = sourcecode.swift; path = PulseAnimation.swift; sourceTree = "<group>"; };
/* End PBXFileReference section */

/* Begin PBXFrameworksBuildPhase section */
		A232540D22461DD5001E8C89 /* Frameworks */ = {
			isa = PBXFrameworksBuildPhase;
			buildActionMask = 2147483647;
			files = (
				0847F685B128FB0062D028ED /* Pods_LiveStreamFails.framework in Frameworks */,
			);
			runOnlyForDeploymentPostprocessing = 0;
		};
/* End PBXFrameworksBuildPhase section */

/* Begin PBXGroup section */
		8FC9FE08133565C5DF091B95 /* Pods */ = {
			isa = PBXGroup;
			children = (
				9AD3230F70654C9EA2D31F4E /* Pods-LiveStreamFails.debug.xcconfig */,
				3718790CB6A3A4BCE0947797 /* Pods-LiveStreamFails.release.xcconfig */,
			);
			name = Pods;
			sourceTree = "<group>";
		};
		A232540722461DD5001E8C89 = {
			isa = PBXGroup;
			children = (
				A232541222461DD5001E8C89 /* LiveStreamFails */,
				A232541122461DD5001E8C89 /* Products */,
				8FC9FE08133565C5DF091B95 /* Pods */,
				E05B47C56B80B3290F4F3E97 /* Frameworks */,
			);
			sourceTree = "<group>";
		};
		A232541122461DD5001E8C89 /* Products */ = {
			isa = PBXGroup;
			children = (
				A232541022461DD5001E8C89 /* LiveStreamFails.app */,
			);
			name = Products;
			sourceTree = "<group>";
		};
		A232541222461DD5001E8C89 /* LiveStreamFails */ = {
			isa = PBXGroup;
			children = (
				A2325456224A4C01001E8C89 /* Usecases */,
				A232543922469047001E8C89 /* Services */,
				A232543822469004001E8C89 /* Library */,
				A232543722468FF7001E8C89 /* Models */,
				A232543622468FEB001E8C89 /* Views */,
				A232541322461DD5001E8C89 /* AppDelegate.swift */,
				A232541A22461DD6001E8C89 /* Assets.xcassets */,
				A232541F22461DD6001E8C89 /* Info.plist */,
				A232543222468E3B001E8C89 /* HomeScreenViewController.swift */,
				A232543322468E3B001E8C89 /* HomeScreenViewController.xib */,
			);
			path = LiveStreamFails;
			sourceTree = "<group>";
		};
		A232543622468FEB001E8C89 /* Views */ = {
			isa = PBXGroup;
			children = (
				A2734F10224C9015004ACDB8 /* Extensions */,
				A2734F0B224C85D4004ACDB8 /* CollectionViewCells */,
			);
			path = Views;
			sourceTree = "<group>";
		};
		A232543722468FF7001E8C89 /* Models */ = {
			isa = PBXGroup;
			children = (
				A23254442246B55B001E8C89 /* Response */,
				A232543D2246ABED001E8C89 /* Requests */,
				A2325464224B0B2C001E8C89 /* LiveStreamFailsCollection.swift */,
				A2734F17224D058B004ACDB8 /* LiveStreamFailsPost+DeepDiff.swift */,
			);
			path = Models;
			sourceTree = "<group>";
		};
		A232543822469004001E8C89 /* Library */ = {
			isa = PBXGroup;
			children = (
				A23254402246AD32001E8C89 /* DictionaryEncodable.swift */,
				A232544B22479058001E8C89 /* Operators.swift */,
				A232544D22485E75001E8C89 /* HTMLParser.swift */,
				A232544F22486ACC001E8C89 /* Result+MapValue.swift */,
				A2325459224A9435001E8C89 /* AppEnvironment.swift */,
				A232545B224A9462001E8C89 /* Environment.swift */,
				A232545F224A9EB0001E8C89 /* Paginator.swift */,
				A2734F15224CAEC4004ACDB8 /* UICollectionView+RegisterCells.swift */,
				A2D729D0224E95C500757CD4 /* Loader.swift */,
				A2D729D2224E95E200757CD4 /* PulseAnimation.swift */,
			);
			path = Library;
			sourceTree = "<group>";
		};
		A232543922469047001E8C89 /* Services */ = {
			isa = PBXGroup;
			children = (
				A232543A2246AB3D001E8C89 /* Libs */,
				A23254422246B500001E8C89 /* ServiceType.swift */,
				A23254472246B5FB001E8C89 /* Service.swift */,
			);
			path = Services;
			sourceTree = "<group>";
		};
		A232543A2246AB3D001E8C89 /* Libs */ = {
			isa = PBXGroup;
			children = (
				A23254492246B9AB001E8C89 /* Service+RequestHelper.swift */,
				A232543B2246AB5A001E8C89 /* Route.swift */,
				A232545D224A95BE001E8C89 /* ServerConfig.swift */,
			);
			path = Libs;
			sourceTree = "<group>";
		};
		A232543D2246ABED001E8C89 /* Requests */ = {
			isa = PBXGroup;
			children = (
				A232543E2246AC0A001E8C89 /* LiveStreamFailsRequest.swift */,
			);
			path = Requests;
			sourceTree = "<group>";
		};
		A23254442246B55B001E8C89 /* Response */ = {
			isa = PBXGroup;
			children = (
				A23254452246B57A001E8C89 /* LiveStreamFailsPostsResponse.swift */,
			);
			path = Response;
			sourceTree = "<group>";
		};
		A2325456224A4C01001E8C89 /* Usecases */ = {
			isa = PBXGroup;
			children = (
				A2325457224A4C60001E8C89 /* LiveStreamFailsPostsUsecase.swift */,
			);
			path = Usecases;
			sourceTree = "<group>";
		};
		A2734F0B224C85D4004ACDB8 /* CollectionViewCells */ = {
			isa = PBXGroup;
			children = (
				A2734F0C224C8609004ACDB8 /* FailStreamDetailViewCell.swift */,
				A2734F0D224C8609004ACDB8 /* FailStreamDetailViewCell.xib */,
			);
			path = CollectionViewCells;
			sourceTree = "<group>";
		};
		A2734F10224C9015004ACDB8 /* Extensions */ = {
			isa = PBXGroup;
			children = (
				A2734F11224C9044004ACDB8 /* HomeScreenViewController+CollectionViewDatasource.swift */,
				A2734F13224C9134004ACDB8 /* HomeScreenViewController+UICollectionViewDelegate.swift */,
			);
			path = Extensions;
			sourceTree = "<group>";
		};
		E05B47C56B80B3290F4F3E97 /* Frameworks */ = {
			isa = PBXGroup;
			children = (
				7AAA74DFF1BBD09D0C983034 /* Pods_LiveStreamFails.framework */,
			);
			name = Frameworks;
			sourceTree = "<group>";
		};
/* End PBXGroup section */

/* Begin PBXNativeTarget section */
		A232540F22461DD5001E8C89 /* LiveStreamFails */ = {
			isa = PBXNativeTarget;
			buildConfigurationList = A232542222461DD6001E8C89 /* Build configuration list for PBXNativeTarget "LiveStreamFails" */;
			buildPhases = (
				115013812F4259F65A349190 /* [CP] Check Pods Manifest.lock */,
				A232540C22461DD5001E8C89 /* Sources */,
				A232540D22461DD5001E8C89 /* Frameworks */,
				A232540E22461DD5001E8C89 /* Resources */,
				D85969D8213FFCCCF8B66BE5 /* [CP] Embed Pods Frameworks */,
			);
			buildRules = (
			);
			dependencies = (
			);
			name = LiveStreamFails;
			productName = LiveStreamFails;
			productReference = A232541022461DD5001E8C89 /* LiveStreamFails.app */;
			productType = "com.apple.product-type.application";
		};
/* End PBXNativeTarget section */

/* Begin PBXProject section */
		A232540822461DD5001E8C89 /* Project object */ = {
			isa = PBXProject;
			attributes = {
				LastSwiftUpdateCheck = 1010;
				LastUpgradeCheck = 1010;
				ORGANIZATIONNAME = balraj;
				TargetAttributes = {
					A232540F22461DD5001E8C89 = {
						CreatedOnToolsVersion = 10.1;
					};
				};
			};
			buildConfigurationList = A232540B22461DD5001E8C89 /* Build configuration list for PBXProject "LiveStreamFails" */;
			compatibilityVersion = "Xcode 9.3";
			developmentRegion = en;
			hasScannedForEncodings = 0;
			knownRegions = (
				en,
				Base,
			);
			mainGroup = A232540722461DD5001E8C89;
			productRefGroup = A232541122461DD5001E8C89 /* Products */;
			projectDirPath = "";
			projectRoot = "";
			targets = (
				A232540F22461DD5001E8C89 /* LiveStreamFails */,
			);
		};
/* End PBXProject section */

/* Begin PBXResourcesBuildPhase section */
		A232540E22461DD5001E8C89 /* Resources */ = {
			isa = PBXResourcesBuildPhase;
			buildActionMask = 2147483647;
			files = (
				A2734F0F224C8609004ACDB8 /* FailStreamDetailViewCell.xib in Resources */,
				A232541B22461DD6001E8C89 /* Assets.xcassets in Resources */,
				A232543522468E3B001E8C89 /* HomeScreenViewController.xib in Resources */,
			);
			runOnlyForDeploymentPostprocessing = 0;
		};
/* End PBXResourcesBuildPhase section */

/* Begin PBXShellScriptBuildPhase section */
		115013812F4259F65A349190 /* [CP] Check Pods Manifest.lock */ = {
			isa = PBXShellScriptBuildPhase;
			buildActionMask = 2147483647;
			files = (
			);
			inputPaths = (
				"${PODS_PODFILE_DIR_PATH}/Podfile.lock",
				"${PODS_ROOT}/Manifest.lock",
			);
			name = "[CP] Check Pods Manifest.lock";
			outputPaths = (
				"$(DERIVED_FILE_DIR)/Pods-LiveStreamFails-checkManifestLockResult.txt",
			);
			runOnlyForDeploymentPostprocessing = 0;
			shellPath = /bin/sh;
			shellScript = "diff \"${PODS_PODFILE_DIR_PATH}/Podfile.lock\" \"${PODS_ROOT}/Manifest.lock\" > /dev/null\nif [ $? != 0 ] ; then\n    # print error to STDERR\n    echo \"error: The sandbox is not in sync with the Podfile.lock. Run 'pod install' or update your CocoaPods installation.\" >&2\n    exit 1\nfi\n# This output is used by Xcode 'outputs' to avoid re-running this script phase.\necho \"SUCCESS\" > \"${SCRIPT_OUTPUT_FILE_0}\"\n";
			showEnvVarsInLog = 0;
		};
		D85969D8213FFCCCF8B66BE5 /* [CP] Embed Pods Frameworks */ = {
			isa = PBXShellScriptBuildPhase;
			buildActionMask = 2147483647;
			files = (
			);
			inputPaths = (
				"${SRCROOT}/Pods/Target Support Files/Pods-LiveStreamFails/Pods-LiveStreamFails-frameworks.sh",
				"${BUILT_PRODUCTS_DIR}/Alamofire/Alamofire.framework",
				"${BUILT_PRODUCTS_DIR}/AlamofireImage/AlamofireImage.framework",
				"${BUILT_PRODUCTS_DIR}/DeepDiff/DeepDiff.framework",
				"${BUILT_PRODUCTS_DIR}/PromiseKit/PromiseKit.framework",
				"${BUILT_PRODUCTS_DIR}/SwiftSoup/SwiftSoup.framework",
			);
			name = "[CP] Embed Pods Frameworks";
			outputPaths = (
				"${TARGET_BUILD_DIR}/${FRAMEWORKS_FOLDER_PATH}/Alamofire.framework",
				"${TARGET_BUILD_DIR}/${FRAMEWORKS_FOLDER_PATH}/AlamofireImage.framework",
				"${TARGET_BUILD_DIR}/${FRAMEWORKS_FOLDER_PATH}/DeepDiff.framework",
				"${TARGET_BUILD_DIR}/${FRAMEWORKS_FOLDER_PATH}/PromiseKit.framework",
				"${TARGET_BUILD_DIR}/${FRAMEWORKS_FOLDER_PATH}/SwiftSoup.framework",
			);
			runOnlyForDeploymentPostprocessing = 0;
			shellPath = /bin/sh;
			shellScript = "\"${SRCROOT}/Pods/Target Support Files/Pods-LiveStreamFails/Pods-LiveStreamFails-frameworks.sh\"\n";
			showEnvVarsInLog = 0;
		};
/* End PBXShellScriptBuildPhase section */

/* Begin PBXSourcesBuildPhase section */
		A232540C22461DD5001E8C89 /* Sources */ = {
			isa = PBXSourcesBuildPhase;
			buildActionMask = 2147483647;
			files = (
				A2325458224A4C60001E8C89 /* LiveStreamFailsPostsUsecase.swift in Sources */,
				A232544E22485E75001E8C89 /* HTMLParser.swift in Sources */,
				A23254462246B57A001E8C89 /* LiveStreamFailsPostsResponse.swift in Sources */,
				A2D729D3224E95E200757CD4 /* PulseAnimation.swift in Sources */,
				A2734F18224D058B004ACDB8 /* LiveStreamFailsPost+DeepDiff.swift in Sources */,
				A232544C22479058001E8C89 /* Operators.swift in Sources */,
				A232545C224A9462001E8C89 /* Environment.swift in Sources */,
				A23254482246B5FB001E8C89 /* Service.swift in Sources */,
				A232544A2246B9AB001E8C89 /* Service+RequestHelper.swift in Sources */,
				A232545022486ACC001E8C89 /* Result+MapValue.swift in Sources */,
				A232545A224A9435001E8C89 /* AppEnvironment.swift in Sources */,
				A232543C2246AB5B001E8C89 /* Route.swift in Sources */,
				A232545E224A95BE001E8C89 /* ServerConfig.swift in Sources */,
				A2734F16224CAEC4004ACDB8 /* UICollectionView+RegisterCells.swift in Sources */,
				A23254412246AD32001E8C89 /* DictionaryEncodable.swift in Sources */,
				A2D729D1224E95C500757CD4 /* Loader.swift in Sources */,
				A2734F14224C9134004ACDB8 /* HomeScreenViewController+UICollectionViewDelegate.swift in Sources */,
				A232541422461DD5001E8C89 /* AppDelegate.swift in Sources */,
				A2325460224A9EB0001E8C89 /* Paginator.swift in Sources */,
				A232543422468E3B001E8C89 /* HomeScreenViewController.swift in Sources */,
				A2734F12224C9044004ACDB8 /* HomeScreenViewController+CollectionViewDatasource.swift in Sources */,
				A2734F0E224C8609004ACDB8 /* FailStreamDetailViewCell.swift in Sources */,
				A232543F2246AC0A001E8C89 /* LiveStreamFailsRequest.swift in Sources */,
				A23254432246B500001E8C89 /* ServiceType.swift in Sources */,
				A2325465224B0B2C001E8C89 /* LiveStreamFailsCollection.swift in Sources */,
			);
			runOnlyForDeploymentPostprocessing = 0;
		};
/* End PBXSourcesBuildPhase section */

/* Begin XCBuildConfiguration section */
		A232542022461DD6001E8C89 /* Debug */ = {
			isa = XCBuildConfiguration;
			buildSettings = {
				ALWAYS_SEARCH_USER_PATHS = NO;
				CLANG_ANALYZER_NONNULL = YES;
				CLANG_ANALYZER_NUMBER_OBJECT_CONVERSION = YES_AGGRESSIVE;
				CLANG_CXX_LANGUAGE_STANDARD = "gnu++14";
				CLANG_CXX_LIBRARY = "libc++";
				CLANG_ENABLE_MODULES = YES;
				CLANG_ENABLE_OBJC_ARC = YES;
				CLANG_ENABLE_OBJC_WEAK = YES;
				CLANG_WARN_BLOCK_CAPTURE_AUTORELEASING = YES;
				CLANG_WARN_BOOL_CONVERSION = YES;
				CLANG_WARN_COMMA = YES;
				CLANG_WARN_CONSTANT_CONVERSION = YES;
				CLANG_WARN_DEPRECATED_OBJC_IMPLEMENTATIONS = YES;
				CLANG_WARN_DIRECT_OBJC_ISA_USAGE = YES_ERROR;
				CLANG_WARN_DOCUMENTATION_COMMENTS = YES;
				CLANG_WARN_EMPTY_BODY = YES;
				CLANG_WARN_ENUM_CONVERSION = YES;
				CLANG_WARN_INFINITE_RECURSION = YES;
				CLANG_WARN_INT_CONVERSION = YES;
				CLANG_WARN_NON_LITERAL_NULL_CONVERSION = YES;
				CLANG_WARN_OBJC_IMPLICIT_RETAIN_SELF = YES;
				CLANG_WARN_OBJC_LITERAL_CONVERSION = YES;
				CLANG_WARN_OBJC_ROOT_CLASS = YES_ERROR;
				CLANG_WARN_RANGE_LOOP_ANALYSIS = YES;
				CLANG_WARN_STRICT_PROTOTYPES = YES;
				CLANG_WARN_SUSPICIOUS_MOVE = YES;
				CLANG_WARN_UNGUARDED_AVAILABILITY = YES_AGGRESSIVE;
				CLANG_WARN_UNREACHABLE_CODE = YES;
				CLANG_WARN__DUPLICATE_METHOD_MATCH = YES;
				CODE_SIGN_IDENTITY = "iPhone Developer";
				COPY_PHASE_STRIP = NO;
				DEBUG_INFORMATION_FORMAT = dwarf;
				ENABLE_STRICT_OBJC_MSGSEND = YES;
				ENABLE_TESTABILITY = YES;
				GCC_C_LANGUAGE_STANDARD = gnu11;
				GCC_DYNAMIC_NO_PIC = NO;
				GCC_NO_COMMON_BLOCKS = YES;
				GCC_OPTIMIZATION_LEVEL = 0;
				GCC_PREPROCESSOR_DEFINITIONS = (
					"DEBUG=1",
					"$(inherited)",
				);
				GCC_WARN_64_TO_32_BIT_CONVERSION = YES;
				GCC_WARN_ABOUT_RETURN_TYPE = YES_ERROR;
				GCC_WARN_UNDECLARED_SELECTOR = YES;
				GCC_WARN_UNINITIALIZED_AUTOS = YES_AGGRESSIVE;
				GCC_WARN_UNUSED_FUNCTION = YES;
				GCC_WARN_UNUSED_VARIABLE = YES;
				IPHONEOS_DEPLOYMENT_TARGET = 12.1;
				MTL_ENABLE_DEBUG_INFO = INCLUDE_SOURCE;
				MTL_FAST_MATH = YES;
				ONLY_ACTIVE_ARCH = YES;
				SDKROOT = iphoneos;
				SWIFT_ACTIVE_COMPILATION_CONDITIONS = DEBUG;
				SWIFT_OPTIMIZATION_LEVEL = "-Onone";
			};
			name = Debug;
		};
		A232542122461DD6001E8C89 /* Release */ = {
			isa = XCBuildConfiguration;
			buildSettings = {
				ALWAYS_SEARCH_USER_PATHS = NO;
				CLANG_ANALYZER_NONNULL = YES;
				CLANG_ANALYZER_NUMBER_OBJECT_CONVERSION = YES_AGGRESSIVE;
				CLANG_CXX_LANGUAGE_STANDARD = "gnu++14";
				CLANG_CXX_LIBRARY = "libc++";
				CLANG_ENABLE_MODULES = YES;
				CLANG_ENABLE_OBJC_ARC = YES;
				CLANG_ENABLE_OBJC_WEAK = YES;
				CLANG_WARN_BLOCK_CAPTURE_AUTORELEASING = YES;
				CLANG_WARN_BOOL_CONVERSION = YES;
				CLANG_WARN_COMMA = YES;
				CLANG_WARN_CONSTANT_CONVERSION = YES;
				CLANG_WARN_DEPRECATED_OBJC_IMPLEMENTATIONS = YES;
				CLANG_WARN_DIRECT_OBJC_ISA_USAGE = YES_ERROR;
				CLANG_WARN_DOCUMENTATION_COMMENTS = YES;
				CLANG_WARN_EMPTY_BODY = YES;
				CLANG_WARN_ENUM_CONVERSION = YES;
				CLANG_WARN_INFINITE_RECURSION = YES;
				CLANG_WARN_INT_CONVERSION = YES;
				CLANG_WARN_NON_LITERAL_NULL_CONVERSION = YES;
				CLANG_WARN_OBJC_IMPLICIT_RETAIN_SELF = YES;
				CLANG_WARN_OBJC_LITERAL_CONVERSION = YES;
				CLANG_WARN_OBJC_ROOT_CLASS = YES_ERROR;
				CLANG_WARN_RANGE_LOOP_ANALYSIS = YES;
				CLANG_WARN_STRICT_PROTOTYPES = YES;
				CLANG_WARN_SUSPICIOUS_MOVE = YES;
				CLANG_WARN_UNGUARDED_AVAILABILITY = YES_AGGRESSIVE;
				CLANG_WARN_UNREACHABLE_CODE = YES;
				CLANG_WARN__DUPLICATE_METHOD_MATCH = YES;
				CODE_SIGN_IDENTITY = "iPhone Developer";
				COPY_PHASE_STRIP = NO;
				DEBUG_INFORMATION_FORMAT = "dwarf-with-dsym";
				ENABLE_NS_ASSERTIONS = NO;
				ENABLE_STRICT_OBJC_MSGSEND = YES;
				GCC_C_LANGUAGE_STANDARD = gnu11;
				GCC_NO_COMMON_BLOCKS = YES;
				GCC_WARN_64_TO_32_BIT_CONVERSION = YES;
				GCC_WARN_ABOUT_RETURN_TYPE = YES_ERROR;
				GCC_WARN_UNDECLARED_SELECTOR = YES;
				GCC_WARN_UNINITIALIZED_AUTOS = YES_AGGRESSIVE;
				GCC_WARN_UNUSED_FUNCTION = YES;
				GCC_WARN_UNUSED_VARIABLE = YES;
				IPHONEOS_DEPLOYMENT_TARGET = 12.1;
				MTL_ENABLE_DEBUG_INFO = NO;
				MTL_FAST_MATH = YES;
				SDKROOT = iphoneos;
				SWIFT_COMPILATION_MODE = wholemodule;
				SWIFT_OPTIMIZATION_LEVEL = "-O";
				VALIDATE_PRODUCT = YES;
			};
			name = Release;
		};
		A232542322461DD6001E8C89 /* Debug */ = {
			isa = XCBuildConfiguration;
			baseConfigurationReference = 9AD3230F70654C9EA2D31F4E /* Pods-LiveStreamFails.debug.xcconfig */;
			buildSettings = {
				ASSETCATALOG_COMPILER_APPICON_NAME = AppIcon;
				CODE_SIGN_STYLE = Automatic;
				DEVELOPMENT_TEAM = L88F2NQ59B;
				INFOPLIST_FILE = LiveStreamFails/Info.plist;
				IPHONEOS_DEPLOYMENT_TARGET = 11.0;
				LD_RUNPATH_SEARCH_PATHS = (
					"$(inherited)",
					"@executable_path/Frameworks",
				);
				PRODUCT_BUNDLE_IDENTIFIER = com.balraj.LiveStreamFails;
				PRODUCT_NAME = "$(TARGET_NAME)";
				SWIFT_VERSION = 4.2;
				TARGETED_DEVICE_FAMILY = 1;
			};
			name = Debug;
		};
		A232542422461DD6001E8C89 /* Release */ = {
			isa = XCBuildConfiguration;
			baseConfigurationReference = 3718790CB6A3A4BCE0947797 /* Pods-LiveStreamFails.release.xcconfig */;
			buildSettings = {
				ASSETCATALOG_COMPILER_APPICON_NAME = AppIcon;
				CODE_SIGN_STYLE = Automatic;
				DEVELOPMENT_TEAM = L88F2NQ59B;
				INFOPLIST_FILE = LiveStreamFails/Info.plist;
				IPHONEOS_DEPLOYMENT_TARGET = 11.0;
				LD_RUNPATH_SEARCH_PATHS = (
					"$(inherited)",
					"@executable_path/Frameworks",
				);
				PRODUCT_BUNDLE_IDENTIFIER = com.balraj.LiveStreamFails;
				PRODUCT_NAME = "$(TARGET_NAME)";
				SWIFT_VERSION = 4.2;
				TARGETED_DEVICE_FAMILY = 1;
			};
			name = Release;
		};
/* End XCBuildConfiguration section */

/* Begin XCConfigurationList section */
		A232540B22461DD5001E8C89 /* Build configuration list for PBXProject "LiveStreamFails" */ = {
			isa = XCConfigurationList;
			buildConfigurations = (
				A232542022461DD6001E8C89 /* Debug */,
				A232542122461DD6001E8C89 /* Release */,
			);
			defaultConfigurationIsVisible = 0;
			defaultConfigurationName = Release;
		};
		A232542222461DD6001E8C89 /* Build configuration list for PBXNativeTarget "LiveStreamFails" */ = {
			isa = XCConfigurationList;
			buildConfigurations = (
				A232542322461DD6001E8C89 /* Debug */,
				A232542422461DD6001E8C89 /* Release */,
			);
			defaultConfigurationIsVisible = 0;
			defaultConfigurationName = Release;
		};
/* End XCConfigurationList section */
	};
	rootObject = A232540822461DD5001E8C89 /* Project object */;
}
